
Microsoft Visual Studio Solution File, Format Version 12.00
# Visual Studio Version 16
VisualStudioVersion = 16.0.30621.155
MinimumVisualStudioVersion = 10.0.40219.1
Project("{9A19103F-16F7-4668-BE54-9A1E7A4F7556}") = "EmployeePayrollServices", "EmployeePayrollServices\EmployeePayrollServices.csproj", "{20ED76E3-A024-4DF9-AE02-456401589839}"
EndProject
Project("{FAE04EC0-301F-11D3-BF4B-00C04F79EFBC}") = "UnitTestProjectForEmployeePAyroll", "..\UnitTestProjectForEmployeePAyroll\UnitTestProjectForEmployeePAyroll.csproj", "{F4387D2F-D04B-40F7-A074-C3E90D84B385}"
EndProject
Global
	GlobalSection(SolutionConfigurationPlatforms) = preSolution
		Debug|Any CPU = Debug|Any CPU
		Release|Any CPU = Release|Any CPU
	EndGlobalSection
	GlobalSection(ProjectConfigurationPlatforms) = postSolution
		{20ED76E3-A024-4DF9-AE02-456401589839}.Debug|Any CPU.ActiveCfg = Debug|Any CPU
		{20ED76E3-A024-4DF9-AE02-456401589839}.Debug|Any CPU.Build.0 = Debug|Any CPU
		{20ED76E3-A024-4DF9-AE02-456401589839}.Release|Any CPU.ActiveCfg = Release|Any CPU
		{20ED76E3-A024-4DF9-AE02-456401589839}.Release|Any CPU.Build.0 = Release|Any CPU
		{F4387D2F-D04B-40F7-A074-C3E90D84B385}.Debug|Any CPU.ActiveCfg = Debug|Any CPU
		{F4387D2F-D04B-40F7-A074-C3E90D84B385}.Debug|Any CPU.Build.0 = Debug|Any CPU
		{F4387D2F-D04B-40F7-A074-C3E90D84B385}.Release|Any CPU.ActiveCfg = Release|Any CPU
		{F4387D2F-D04B-40F7-A074-C3E90D84B385}.Release|Any CPU.Build.0 = Release|Any CPU
	EndGlobalSection
	GlobalSection(SolutionProperties) = preSolution
		HideSolutionNode = FALSE
	EndGlobalSection
	GlobalSection(ExtensibilityGlobals) = postSolution
		SolutionGuid = {BA803E39-6857-4003-8964-B375686FA54D}
	EndGlobalSection
EndGlobal
